// !$*UTF8*$!
{
	archiveVersion = 1;
	classes = {
	};
	objectVersion = 50;
	objects = {

/* Begin PBXBuildFile section */
		3D513022210A5A4300542AB0 /* Results.storyboard in Resources */ = {isa = PBXBuildFile; fileRef = 3D513021210A5A4300542AB0 /* Results.storyboard */; };
		3D513024210A5AA000542AB0 /* ResultsTableViewController.swift in Sources */ = {isa = PBXBuildFile; fileRef = 3D513023210A5AA000542AB0 /* ResultsTableViewController.swift */; };
		3D513026210A5AEE00542AB0 /* Combined.storyboard in Resources */ = {isa = PBXBuildFile; fileRef = 3D513025210A5AEE00542AB0 /* Combined.storyboard */; };
		3D513028210A5C3200542AB0 /* CombinedViewController.swift in Sources */ = {isa = PBXBuildFile; fileRef = 3D513027210A5C3200542AB0 /* CombinedViewController.swift */; };
		3D51302A210A5D9000542AB0 /* PollingTabBarViewController.swift in Sources */ = {isa = PBXBuildFile; fileRef = 3D513029210A5D9000542AB0 /* PollingTabBarViewController.swift */; };
		3D51302C210A5F2400542AB0 /* VoteControllerProtocol.swift in Sources */ = {isa = PBXBuildFile; fileRef = 3D51302B210A5F2400542AB0 /* VoteControllerProtocol.swift */; };
		3D51302E210A6FC100542AB0 /* ResultsTableViewCell.swift in Sources */ = {isa = PBXBuildFile; fileRef = 3D51302D210A6FC100542AB0 /* ResultsTableViewCell.swift */; };
		3D8BC813210A55A800067D9B /* AppDelegate.swift in Sources */ = {isa = PBXBuildFile; fileRef = 3D8BC812210A55A800067D9B /* AppDelegate.swift */; };
		3D8BC818210A55A800067D9B /* Main.storyboard in Resources */ = {isa = PBXBuildFile; fileRef = 3D8BC816210A55A800067D9B /* Main.storyboard */; };
		3D8BC81A210A55AA00067D9B /* Assets.xcassets in Resources */ = {isa = PBXBuildFile; fileRef = 3D8BC819210A55AA00067D9B /* Assets.xcassets */; };
		3D8BC81D210A55AA00067D9B /* LaunchScreen.storyboard in Resources */ = {isa = PBXBuildFile; fileRef = 3D8BC81B210A55AA00067D9B /* LaunchScreen.storyboard */; };
		3D8BC829210A565300067D9B /* Vote.swift in Sources */ = {isa = PBXBuildFile; fileRef = 3D8BC828210A565300067D9B /* Vote.swift */; };
		3D8BC82B210A569A00067D9B /* VoteController.swift in Sources */ = {isa = PBXBuildFile; fileRef = 3D8BC82A210A569A00067D9B /* VoteController.swift */; };
		3D8BC82D210A57E300067D9B /* Voting.storyboard in Resources */ = {isa = PBXBuildFile; fileRef = 3D8BC82C210A57E300067D9B /* Voting.storyboard */; };
		3D8BC831210A595000067D9B /* VotingViewController.swift in Sources */ = {isa = PBXBuildFile; fileRef = 3D8BC830210A595000067D9B /* VotingViewController.swift */; };
/* End PBXBuildFile section */

/* Begin PBXFileReference section */
		3D513021210A5A4300542AB0 /* Results.storyboard */ = {isa = PBXFileReference; lastKnownFileType = file.storyboard; path = Results.storyboard; sourceTree = "<group>"; };
		3D513023210A5AA000542AB0 /* ResultsTableViewController.swift */ = {isa = PBXFileReference; lastKnownFileType = sourcecode.swift; path = ResultsTableViewController.swift; sourceTree = "<group>"; };
		3D513025210A5AEE00542AB0 /* Combined.storyboard */ = {isa = PBXFileReference; lastKnownFileType = file.storyboard; path = Combined.storyboard; sourceTree = "<group>"; };
		3D513027210A5C3200542AB0 /* CombinedViewController.swift */ = {isa = PBXFileReference; lastKnownFileType = sourcecode.swift; path = CombinedViewController.swift; sourceTree = "<group>"; };
		3D513029210A5D9000542AB0 /* PollingTabBarViewController.swift */ = {isa = PBXFileReference; lastKnownFileType = sourcecode.swift; path = PollingTabBarViewController.swift; sourceTree = "<group>"; };
		3D51302B210A5F2400542AB0 /* VoteControllerProtocol.swift */ = {isa = PBXFileReference; lastKnownFileType = sourcecode.swift; path = VoteControllerProtocol.swift; sourceTree = "<group>"; };
		3D51302D210A6FC100542AB0 /* ResultsTableViewCell.swift */ = {isa = PBXFileReference; lastKnownFileType = sourcecode.swift; path = ResultsTableViewCell.swift; sourceTree = "<group>"; };
		3D8BC80F210A55A800067D9B /* Poll.app */ = {isa = PBXFileReference; explicitFileType = wrapper.application; includeInIndex = 0; path = Poll.app; sourceTree = BUILT_PRODUCTS_DIR; };
		3D8BC812210A55A800067D9B /* AppDelegate.swift */ = {isa = PBXFileReference; lastKnownFileType = sourcecode.swift; path = AppDelegate.swift; sourceTree = "<group>"; };
		3D8BC817210A55A800067D9B /* Base */ = {isa = PBXFileReference; lastKnownFileType = file.storyboard; name = Base; path = Base.lproj/Main.storyboard; sourceTree = "<group>"; };
		3D8BC819210A55AA00067D9B /* Assets.xcassets */ = {isa = PBXFileReference; lastKnownFileType = folder.assetcatalog; path = Assets.xcassets; sourceTree = "<group>"; };
		3D8BC81C210A55AA00067D9B /* Base */ = {isa = PBXFileReference; lastKnownFileType = file.storyboard; name = Base; path = Base.lproj/LaunchScreen.storyboard; sourceTree = "<group>"; };
		3D8BC81E210A55AA00067D9B /* Info.plist */ = {isa = PBXFileReference; lastKnownFileType = text.plist.xml; path = Info.plist; sourceTree = "<group>"; };
		3D8BC828210A565300067D9B /* Vote.swift */ = {isa = PBXFileReference; lastKnownFileType = sourcecode.swift; path = Vote.swift; sourceTree = "<group>"; };
		3D8BC82A210A569A00067D9B /* VoteController.swift */ = {isa = PBXFileReference; lastKnownFileType = sourcecode.swift; path = VoteController.swift; sourceTree = "<group>"; };
		3D8BC82C210A57E300067D9B /* Voting.storyboard */ = {isa = PBXFileReference; lastKnownFileType = file.storyboard; path = Voting.storyboard; sourceTree = "<group>"; };
		3D8BC830210A595000067D9B /* VotingViewController.swift */ = {isa = PBXFileReference; lastKnownFileType = sourcecode.swift; path = VotingViewController.swift; sourceTree = "<group>"; };
/* End PBXFileReference section */

/* Begin PBXFrameworksBuildPhase section */
		3D8BC80C210A55A800067D9B /* Frameworks */ = {
			isa = PBXFrameworksBuildPhase;
			buildActionMask = 2147483647;
			files = (
			);
			runOnlyForDeploymentPostprocessing = 0;
		};
/* End PBXFrameworksBuildPhase section */

/* Begin PBXGroup section */
		3D8BC806210A55A800067D9B = {
			isa = PBXGroup;
			children = (
				3D8BC811210A55A800067D9B /* Poll */,
				3D8BC810210A55A800067D9B /* Products */,
			);
			sourceTree = "<group>";
		};
		3D8BC810210A55A800067D9B /* Products */ = {
			isa = PBXGroup;
			children = (
				3D8BC80F210A55A800067D9B /* Poll.app */,
			);
			name = Products;
			sourceTree = "<group>";
		};
		3D8BC811210A55A800067D9B /* Poll */ = {
			isa = PBXGroup;
			children = (
				3D8BC812210A55A800067D9B /* AppDelegate.swift */,
				3D51302B210A5F2400542AB0 /* VoteControllerProtocol.swift */,
				3D8BC82F210A592C00067D9B /* View Controllers */,
				3D8BC825210A55D100067D9B /* Model Controllers */,
				3D8BC824210A55C900067D9B /* Model */,
				3D8BC826210A560000067D9B /* Resources */,
			);
			path = Poll;
			sourceTree = "<group>";
		};
		3D8BC824210A55C900067D9B /* Model */ = {
			isa = PBXGroup;
			children = (
				3D8BC828210A565300067D9B /* Vote.swift */,
			);
			path = Model;
			sourceTree = "<group>";
		};
		3D8BC825210A55D100067D9B /* Model Controllers */ = {
			isa = PBXGroup;
			children = (
				3D8BC82A210A569A00067D9B /* VoteController.swift */,
			);
			path = "Model Controllers";
			sourceTree = "<group>";
		};
		3D8BC826210A560000067D9B /* Resources */ = {
			isa = PBXGroup;
			children = (
				3D8BC827210A560700067D9B /* Storyboards */,
				3D8BC819210A55AA00067D9B /* Assets.xcassets */,
				3D8BC81E210A55AA00067D9B /* Info.plist */,
			);
			path = Resources;
			sourceTree = "<group>";
		};
		3D8BC827210A560700067D9B /* Storyboards */ = {
			isa = PBXGroup;
			children = (
				3D8BC816210A55A800067D9B /* Main.storyboard */,
				3D8BC82C210A57E300067D9B /* Voting.storyboard */,
				3D513021210A5A4300542AB0 /* Results.storyboard */,
				3D513025210A5AEE00542AB0 /* Combined.storyboard */,
				3D8BC81B210A55AA00067D9B /* LaunchScreen.storyboard */,
			);
			path = Storyboards;
			sourceTree = "<group>";
		};
		3D8BC82F210A592C00067D9B /* View Controllers */ = {
			isa = PBXGroup;
			children = (
				3D8BC830210A595000067D9B /* VotingViewController.swift */,
				3D513023210A5AA000542AB0 /* ResultsTableViewController.swift */,
				3D51302D210A6FC100542AB0 /* ResultsTableViewCell.swift */,
				3D513027210A5C3200542AB0 /* CombinedViewController.swift */,
				3D513029210A5D9000542AB0 /* PollingTabBarViewController.swift */,
			);
			path = "View Controllers";
			sourceTree = "<group>";
		};
/* End PBXGroup section */

/* Begin PBXNativeTarget section */
		3D8BC80E210A55A800067D9B /* Poll */ = {
			isa = PBXNativeTarget;
			buildConfigurationList = 3D8BC821210A55AA00067D9B /* Build configuration list for PBXNativeTarget "Poll" */;
			buildPhases = (
				3D8BC80B210A55A800067D9B /* Sources */,
				3D8BC80C210A55A800067D9B /* Frameworks */,
				3D8BC80D210A55A800067D9B /* Resources */,
			);
			buildRules = (
			);
			dependencies = (
			);
			name = Poll;
			productName = Poll;
			productReference = 3D8BC80F210A55A800067D9B /* Poll.app */;
			productType = "com.apple.product-type.application";
		};
/* End PBXNativeTarget section */

/* Begin PBXProject section */
		3D8BC807210A55A800067D9B /* Project object */ = {
			isa = PBXProject;
			attributes = {
				LastSwiftUpdateCheck = 1000;
				LastUpgradeCheck = 1000;
				ORGANIZATIONNAME = "De MicheliStefano";
				TargetAttributes = {
					3D8BC80E210A55A800067D9B = {
						CreatedOnToolsVersion = 10.0;
					};
				};
			};
			buildConfigurationList = 3D8BC80A210A55A800067D9B /* Build configuration list for PBXProject "Poll" */;
			compatibilityVersion = "Xcode 9.3";
			developmentRegion = en;
			hasScannedForEncodings = 0;
			knownRegions = (
				en,
				Base,
			);
			mainGroup = 3D8BC806210A55A800067D9B;
			productRefGroup = 3D8BC810210A55A800067D9B /* Products */;
			projectDirPath = "";
			projectRoot = "";
			targets = (
				3D8BC80E210A55A800067D9B /* Poll */,
			);
		};
/* End PBXProject section */

/* Begin PBXResourcesBuildPhase section */
		3D8BC80D210A55A800067D9B /* Resources */ = {
			isa = PBXResourcesBuildPhase;
			buildActionMask = 2147483647;
			files = (
				3D8BC81D210A55AA00067D9B /* LaunchScreen.storyboard in Resources */,
				3D513022210A5A4300542AB0 /* Results.storyboard in Resources */,
				3D8BC81A210A55AA00067D9B /* Assets.xcassets in Resources */,
				3D8BC818210A55A800067D9B /* Main.storyboard in Resources */,
				3D8BC82D210A57E300067D9B /* Voting.storyboard in Resources */,
				3D513026210A5AEE00542AB0 /* Combined.storyboard in Resources */,
			);
			runOnlyForDeploymentPostprocessing = 0;
		};
/* End PBXResourcesBuildPhase section */

/* Begin PBXSourcesBuildPhase section */
		3D8BC80B210A55A800067D9B /* Sources */ = {
			isa = PBXSourcesBuildPhase;
			buildActionMask = 2147483647;
			files = (
				3D8BC82B210A569A00067D9B /* VoteController.swift in Sources */,
				3D8BC813210A55A800067D9B /* AppDelegate.swift in Sources */,
				3D51302E210A6FC100542AB0 /* ResultsTableViewCell.swift in Sources */,
				3D8BC829210A565300067D9B /* Vote.swift in Sources */,
				3D51302C210A5F2400542AB0 /* VoteControllerProtocol.swift in Sources */,
				3D8BC831210A595000067D9B /* VotingViewController.swift in Sources */,
				3D513024210A5AA000542AB0 /* ResultsTableViewController.swift in Sources */,
				3D513028210A5C3200542AB0 /* CombinedViewController.swift in Sources */,
				3D51302A210A5D9000542AB0 /* PollingTabBarViewController.swift in Sources */,
			);
			runOnlyForDeploymentPostprocessing = 0;
		};
/* End PBXSourcesBuildPhase section */

/* Begin PBXVariantGroup section */
		3D8BC816210A55A800067D9B /* Main.storyboard */ = {
			isa = PBXVariantGroup;
			children = (
				3D8BC817210A55A800067D9B /* Base */,
			);
			name = Main.storyboard;
			sourceTree = "<group>";
		};
		3D8BC81B210A55AA00067D9B /* LaunchScreen.storyboard */ = {
			isa = PBXVariantGroup;
			children = (
				3D8BC81C210A55AA00067D9B /* Base */,
			);
			name = LaunchScreen.storyboard;
			sourceTree = "<group>";
		};
/* End PBXVariantGroup section */

/* Begin XCBuildConfiguration section */
		3D8BC81F210A55AA00067D9B /* Debug */ = {
			isa = XCBuildConfiguration;
			buildSettings = {
				ALWAYS_SEARCH_USER_PATHS = NO;
				CLANG_ANALYZER_NONNULL = YES;
				CLANG_ANALYZER_NUMBER_OBJECT_CONVERSION = YES_AGGRESSIVE;
				CLANG_CXX_LANGUAGE_STANDARD = "gnu++14";
				CLANG_CXX_LIBRARY = "libc++";
				CLANG_ENABLE_MODULES = YES;
				CLANG_ENABLE_OBJC_ARC = YES;
				CLANG_ENABLE_OBJC_WEAK = YES;
				CLANG_WARN_BLOCK_CAPTURE_AUTORELEASING = YES;
				CLANG_WARN_BOOL_CONVERSION = YES;
				CLANG_WARN_COMMA = YES;
				CLANG_WARN_CONSTANT_CONVERSION = YES;
				CLANG_WARN_DEPRECATED_OBJC_IMPLEMENTATIONS = YES;
				CLANG_WARN_DIRECT_OBJC_ISA_USAGE = YES_ERROR;
				CLANG_WARN_DOCUMENTATION_COMMENTS = YES;
				CLANG_WARN_EMPTY_BODY = YES;
				CLANG_WARN_ENUM_CONVERSION = YES;
				CLANG_WARN_INFINITE_RECURSION = YES;
				CLANG_WARN_INT_CONVERSION = YES;
				CLANG_WARN_NON_LITERAL_NULL_CONVERSION = YES;
				CLANG_WARN_OBJC_IMPLICIT_RETAIN_SELF = YES;
				CLANG_WARN_OBJC_LITERAL_CONVERSION = YES;
				CLANG_WARN_OBJC_ROOT_CLASS = YES_ERROR;
				CLANG_WARN_RANGE_LOOP_ANALYSIS = YES;
				CLANG_WARN_STRICT_PROTOTYPES = YES;
				CLANG_WARN_SUSPICIOUS_MOVE = YES;
				CLANG_WARN_UNGUARDED_AVAILABILITY = YES_AGGRESSIVE;
				CLANG_WARN_UNREACHABLE_CODE = YES;
				CLANG_WARN__DUPLICATE_METHOD_MATCH = YES;
				CODE_SIGN_IDENTITY = "iPhone Developer";
				COPY_PHASE_STRIP = NO;
				DEBUG_INFORMATION_FORMAT = dwarf;
				ENABLE_STRICT_OBJC_MSGSEND = YES;
				ENABLE_TESTABILITY = YES;
				GCC_C_LANGUAGE_STANDARD = gnu11;
				GCC_DYNAMIC_NO_PIC = NO;
				GCC_NO_COMMON_BLOCKS = YES;
				GCC_OPTIMIZATION_LEVEL = 0;
				GCC_PREPROCESSOR_DEFINITIONS = (
					"DEBUG=1",
					"$(inherited)",
				);
				GCC_WARN_64_TO_32_BIT_CONVERSION = YES;
				GCC_WARN_ABOUT_RETURN_TYPE = YES_ERROR;
				GCC_WARN_UNDECLARED_SELECTOR = YES;
				GCC_WARN_UNINITIALIZED_AUTOS = YES_AGGRESSIVE;
				GCC_WARN_UNUSED_FUNCTION = YES;
				GCC_WARN_UNUSED_VARIABLE = YES;
				IPHONEOS_DEPLOYMENT_TARGET = 12.0;
				MTL_ENABLE_DEBUG_INFO = INCLUDE_SOURCE;
				ONLY_ACTIVE_ARCH = YES;
				SDKROOT = iphoneos;
				SWIFT_ACTIVE_COMPILATION_CONDITIONS = DEBUG;
				SWIFT_OPTIMIZATION_LEVEL = "-Onone";
			};
			name = Debug;
		};
		3D8BC820210A55AA00067D9B /* Release */ = {
			isa = XCBuildConfiguration;
			buildSettings = {
				ALWAYS_SEARCH_USER_PATHS = NO;
				CLANG_ANALYZER_NONNULL = YES;
				CLANG_ANALYZER_NUMBER_OBJECT_CONVERSION = YES_AGGRESSIVE;
				CLANG_CXX_LANGUAGE_STANDARD = "gnu++14";
				CLANG_CXX_LIBRARY = "libc++";
				CLANG_ENABLE_MODULES = YES;
				CLANG_ENABLE_OBJC_ARC = YES;
				CLANG_ENABLE_OBJC_WEAK = YES;
				CLANG_WARN_BLOCK_CAPTURE_AUTORELEASING = YES;
				CLANG_WARN_BOOL_CONVERSION = YES;
				CLANG_WARN_COMMA = YES;
				CLANG_WARN_CONSTANT_CONVERSION = YES;
				CLANG_WARN_DEPRECATED_OBJC_IMPLEMENTATIONS = YES;
				CLANG_WARN_DIRECT_OBJC_ISA_USAGE = YES_ERROR;
				CLANG_WARN_DOCUMENTATION_COMMENTS = YES;
				CLANG_WARN_EMPTY_BODY = YES;
				CLANG_WARN_ENUM_CONVERSION = YES;
				CLANG_WARN_INFINITE_RECURSION = YES;
				CLANG_WARN_INT_CONVERSION = YES;
				CLANG_WARN_NON_LITERAL_NULL_CONVERSION = YES;
				CLANG_WARN_OBJC_IMPLICIT_RETAIN_SELF = YES;
				CLANG_WARN_OBJC_LITERAL_CONVERSION = YES;
				CLANG_WARN_OBJC_ROOT_CLASS = YES_ERROR;
				CLANG_WARN_RANGE_LOOP_ANALYSIS = YES;
				CLANG_WARN_STRICT_PROTOTYPES = YES;
				CLANG_WARN_SUSPICIOUS_MOVE = YES;
				CLANG_WARN_UNGUARDED_AVAILABILITY = YES_AGGRESSIVE;
				CLANG_WARN_UNREACHABLE_CODE = YES;
				CLANG_WARN__DUPLICATE_METHOD_MATCH = YES;
				CODE_SIGN_IDENTITY = "iPhone Developer";
				COPY_PHASE_STRIP = NO;
				DEBUG_INFORMATION_FORMAT = "dwarf-with-dsym";
				ENABLE_NS_ASSERTIONS = NO;
				ENABLE_STRICT_OBJC_MSGSEND = YES;
				GCC_C_LANGUAGE_STANDARD = gnu11;
				GCC_NO_COMMON_BLOCKS = YES;
				GCC_WARN_64_TO_32_BIT_CONVERSION = YES;
				GCC_WARN_ABOUT_RETURN_TYPE = YES_ERROR;
				GCC_WARN_UNDECLARED_SELECTOR = YES;
				GCC_WARN_UNINITIALIZED_AUTOS = YES_AGGRESSIVE;
				GCC_WARN_UNUSED_FUNCTION = YES;
				GCC_WARN_UNUSED_VARIABLE = YES;
				IPHONEOS_DEPLOYMENT_TARGET = 12.0;
				MTL_ENABLE_DEBUG_INFO = NO;
				SDKROOT = iphoneos;
				SWIFT_COMPILATION_MODE = wholemodule;
				SWIFT_OPTIMIZATION_LEVEL = "-O";
				VALIDATE_PRODUCT = YES;
			};
			name = Release;
		};
		3D8BC822210A55AA00067D9B /* Debug */ = {
			isa = XCBuildConfiguration;
			buildSettings = {
				ASSETCATALOG_COMPILER_APPICON_NAME = AppIcon;
				CODE_SIGN_STYLE = Manual;
				DEVELOPMENT_TEAM = "";
				INFOPLIST_FILE = "$(SRCROOT)/Poll/Resources/Info.plist";
				LD_RUNPATH_SEARCH_PATHS = (
					"$(inherited)",
					"@executable_path/Frameworks",
				);
				PRODUCT_BUNDLE_IDENTIFIER = com.stefano.lambda.Poll;
				PRODUCT_NAME = "$(TARGET_NAME)";
				PROVISIONING_PROFILE_SPECIFIER = "";
				SWIFT_VERSION = 4.2;
				TARGETED_DEVICE_FAMILY = "1,2";
			};
			name = Debug;
		};
		3D8BC823210A55AA00067D9B /* Release */ = {
			isa = XCBuildConfiguration;
			buildSettings = {
				ASSETCATALOG_COMPILER_APPICON_NAME = AppIcon;
				CODE_SIGN_STYLE = Manual;
				DEVELOPMENT_TEAM = "";
				INFOPLIST_FILE = "$(SRCROOT)/Poll/Resources/Info.plist";
				LD_RUNPATH_SEARCH_PATHS = (
					"$(inherited)",
					"@executable_path/Frameworks",
				);
				PRODUCT_BUNDLE_IDENTIFIER = com.stefano.lambda.Poll;
				PRODUCT_NAME = "$(TARGET_NAME)";
				PROVISIONING_PROFILE_SPECIFIER = "";
				SWIFT_VERSION = 4.2;
				TARGETED_DEVICE_FAMILY = "1,2";
			};
			name = Release;
		};
/* End XCBuildConfiguration section */

/* Begin XCConfigurationList section */
		3D8BC80A210A55A800067D9B /* Build configuration list for PBXProject "Poll" */ = {
			isa = XCConfigurationList;
			buildConfigurations = (
				3D8BC81F210A55AA00067D9B /* Debug */,
				3D8BC820210A55AA00067D9B /* Release */,
			);
			defaultConfigurationIsVisible = 0;
			defaultConfigurationName = Release;
		};
		3D8BC821210A55AA00067D9B /* Build configuration list for PBXNativeTarget "Poll" */ = {
			isa = XCConfigurationList;
			buildConfigurations = (
				3D8BC822210A55AA00067D9B /* Debug */,
				3D8BC823210A55AA00067D9B /* Release */,
			);
			defaultConfigurationIsVisible = 0;
			defaultConfigurationName = Release;
		};
/* End XCConfigurationList section */
	};
	rootObject = 3D8BC807210A55A800067D9B /* Project object */;
}
